
Microsoft Visual Studio Solution File, Format Version 12.00
# Visual Studio 2012
Project("{FAE04EC0-301F-11D3-BF4B-00C04F79EFBC}") = "S9APIUploadDemo", "S9APIUploadDemo.csproj", "{B4BC450C-F345-4B86-A6B4-87328D86CD6E}"
EndProject
Global
	GlobalSection(SolutionConfigurationPlatforms) = preSolution
		Debug|Any CPU = Debug|Any CPU
		Release|Any CPU = Release|Any CPU
	EndGlobalSection
	GlobalSection(ProjectConfigurationPlatforms) = postSolution
		{B4BC450C-F345-4B86-A6B4-87328D86CD6E}.Debug|Any CPU.ActiveCfg = Debug|Any CPU
		{B4BC450C-F345-4B86-A6B4-87328D86CD6E}.Debug|Any CPU.Build.0 = Debug|Any CPU
		{B4BC450C-F345-4B86-A6B4-87328D86CD6E}.Release|Any CPU.ActiveCfg = Release|Any CPU
		{B4BC450C-F345-4B86-A6B4-87328D86CD6E}.Release|Any CPU.Build.0 = Release|Any CPU
	EndGlobalSection
	GlobalSection(SolutionProperties) = preSolution
		HideSolutionNode = FALSE
	EndGlobalSection
EndGlobal
